
Microsoft Visual Studio Solution File, Format Version 12.00
# Visual Studio Version 16
VisualStudioVersion = 16.0.29806.167
MinimumVisualStudioVersion = 10.0.40219.1
Project("{9A19103F-16F7-4668-BE54-9A1E7A4F7556}") = "CentralDeErro.WebAPI", "src\CentralDeErro.WebAPI\CentralDeErro.WebAPI.csproj", "{D1DCC9DB-101D-414C-9316-1D68530632E3}"
EndProject
Project("{9A19103F-16F7-4668-BE54-9A1E7A4F7556}") = "CentralDeErro.Core", "src\CentralDeErro.Core\CentralDeErro.Core.csproj", "{D0E828F0-D696-49F5-B53E-66DBAE0FEE70}"
EndProject
Project("{9A19103F-16F7-4668-BE54-9A1E7A4F7556}") = "CentralDeErro.Infrastructure", "src\CentralDeErro.Infrastructure\CentralDeErro.Infrastructure.csproj", "{EE9162A6-F8E1-4D41-A3DF-E8DB786BE121}"
EndProject
Project("{9A19103F-16F7-4668-BE54-9A1E7A4F7556}") = "CentralDeErro.Tests", "tests\CentralDeErro.Tests\CentralDeErro.Tests.csproj", "{B115AD90-FDA6-46B7-A062-3342936D4A24}"
EndProject
Project("{2150E333-8FDC-42A3-9474-1A3956D46DE8}") = "1-Presentation", "1-Presentation", "{E0B3251F-9F03-4845-BE7D-F97B9FA361A6}"
EndProject
Project("{2150E333-8FDC-42A3-9474-1A3956D46DE8}") = "2-Core", "2-Core", "{2A6AF146-2362-4725-8A64-0FBF3F8465FE}"
EndProject
Project("{2150E333-8FDC-42A3-9474-1A3956D46DE8}") = "3-Infrastructure", "3-Infrastructure", "{D2587499-0535-4B09-8132-584B512619D7}"
EndProject
Project("{2150E333-8FDC-42A3-9474-1A3956D46DE8}") = "5-Test", "5-Test", "{3D53793B-7EF1-4884-9B79-BC4EB795C3E2}"
EndProject
Project("{2150E333-8FDC-42A3-9474-1A3956D46DE8}") = "4-ApplicationServices", "4-ApplicationServices", "{12F7B1B9-FE3F-4BF5-84A2-A1507E146D64}"
EndProject
Project("{FAE04EC0-301F-11D3-BF4B-00C04F79EFBC}") = "CentralDeErro.ApplicationServices", "CentralDeErro.ApplicationServices\CentralDeErro.ApplicationServices.csproj", "{BB4EBCC6-794E-4F08-8F3A-7B3B17300B85}"
EndProject
Global
	GlobalSection(SolutionConfigurationPlatforms) = preSolution
		Debug|Any CPU = Debug|Any CPU
		Release|Any CPU = Release|Any CPU
	EndGlobalSection
	GlobalSection(ProjectConfigurationPlatforms) = postSolution
		{D1DCC9DB-101D-414C-9316-1D68530632E3}.Debug|Any CPU.ActiveCfg = Debug|Any CPU
		{D1DCC9DB-101D-414C-9316-1D68530632E3}.Debug|Any CPU.Build.0 = Debug|Any CPU
		{D1DCC9DB-101D-414C-9316-1D68530632E3}.Release|Any CPU.ActiveCfg = Release|Any CPU
		{D1DCC9DB-101D-414C-9316-1D68530632E3}.Release|Any CPU.Build.0 = Release|Any CPU
		{D0E828F0-D696-49F5-B53E-66DBAE0FEE70}.Debug|Any CPU.ActiveCfg = Debug|Any CPU
		{D0E828F0-D696-49F5-B53E-66DBAE0FEE70}.Debug|Any CPU.Build.0 = Debug|Any CPU
		{D0E828F0-D696-49F5-B53E-66DBAE0FEE70}.Release|Any CPU.ActiveCfg = Release|Any CPU
		{D0E828F0-D696-49F5-B53E-66DBAE0FEE70}.Release|Any CPU.Build.0 = Release|Any CPU
		{EE9162A6-F8E1-4D41-A3DF-E8DB786BE121}.Debug|Any CPU.ActiveCfg = Debug|Any CPU
		{EE9162A6-F8E1-4D41-A3DF-E8DB786BE121}.Debug|Any CPU.Build.0 = Debug|Any CPU
		{EE9162A6-F8E1-4D41-A3DF-E8DB786BE121}.Release|Any CPU.ActiveCfg = Release|Any CPU
		{EE9162A6-F8E1-4D41-A3DF-E8DB786BE121}.Release|Any CPU.Build.0 = Release|Any CPU
		{B115AD90-FDA6-46B7-A062-3342936D4A24}.Debug|Any CPU.ActiveCfg = Debug|Any CPU
		{B115AD90-FDA6-46B7-A062-3342936D4A24}.Debug|Any CPU.Build.0 = Debug|Any CPU
		{B115AD90-FDA6-46B7-A062-3342936D4A24}.Release|Any CPU.ActiveCfg = Release|Any CPU
		{B115AD90-FDA6-46B7-A062-3342936D4A24}.Release|Any CPU.Build.0 = Release|Any CPU
		{BB4EBCC6-794E-4F08-8F3A-7B3B17300B85}.Debug|Any CPU.ActiveCfg = Debug|Any CPU
		{BB4EBCC6-794E-4F08-8F3A-7B3B17300B85}.Debug|Any CPU.Build.0 = Debug|Any CPU
		{BB4EBCC6-794E-4F08-8F3A-7B3B17300B85}.Release|Any CPU.ActiveCfg = Release|Any CPU
		{BB4EBCC6-794E-4F08-8F3A-7B3B17300B85}.Release|Any CPU.Build.0 = Release|Any CPU
	EndGlobalSection
	GlobalSection(SolutionProperties) = preSolution
		HideSolutionNode = FALSE
	EndGlobalSection
	GlobalSection(NestedProjects) = preSolution
		{D1DCC9DB-101D-414C-9316-1D68530632E3} = {E0B3251F-9F03-4845-BE7D-F97B9FA361A6}
		{D0E828F0-D696-49F5-B53E-66DBAE0FEE70} = {2A6AF146-2362-4725-8A64-0FBF3F8465FE}
		{EE9162A6-F8E1-4D41-A3DF-E8DB786BE121} = {D2587499-0535-4B09-8132-584B512619D7}
		{B115AD90-FDA6-46B7-A062-3342936D4A24} = {3D53793B-7EF1-4884-9B79-BC4EB795C3E2}
		{BB4EBCC6-794E-4F08-8F3A-7B3B17300B85} = {12F7B1B9-FE3F-4BF5-84A2-A1507E146D64}
	EndGlobalSection
	GlobalSection(ExtensibilityGlobals) = postSolution
		SolutionGuid = {F543E416-FAA9-4F0E-8679-4E4CFFBD975F}
	EndGlobalSection
EndGlobal
